
Microsoft Visual Studio Solution File, Format Version 12.00
# Visual Studio Version 16
VisualStudioVersion = 16.0.30611.23
MinimumVisualStudioVersion = 10.0.40219.1
Project("{FAE04EC0-301F-11D3-BF4B-00C04F79EFBC}") = "Question 3 Array", "ConsoleApp7\Question 3 Array.csproj", "{0D2BCB8D-08BD-485B-B0C8-F127A5C93EF2}"
EndProject
Project("{FAE04EC0-301F-11D3-BF4B-00C04F79EFBC}") = "Question 2 ListBox", "Question 2 ListBox\Question 2 ListBox.csproj", "{4F7D64EA-27A0-4BAA-915B-44CB64E6E107}"
EndProject
Project("{FAE04EC0-301F-11D3-BF4B-00C04F79EFBC}") = "Question 1 car rental", "Question 1 car rental\Question 1 car rental.csproj", "{1E85F836-D0FE-4499-8A72-ED7B06BA927F}"
EndProject
Global
	GlobalSection(SolutionConfigurationPlatforms) = preSolution
		Debug|Any CPU = Debug|Any CPU
		Release|Any CPU = Release|Any CPU
	EndGlobalSection
	GlobalSection(ProjectConfigurationPlatforms) = postSolution
		{0D2BCB8D-08BD-485B-B0C8-F127A5C93EF2}.Debug|Any CPU.ActiveCfg = Debug|Any CPU
		{0D2BCB8D-08BD-485B-B0C8-F127A5C93EF2}.Debug|Any CPU.Build.0 = Debug|Any CPU
		{0D2BCB8D-08BD-485B-B0C8-F127A5C93EF2}.Release|Any CPU.ActiveCfg = Release|Any CPU
		{0D2BCB8D-08BD-485B-B0C8-F127A5C93EF2}.Release|Any CPU.Build.0 = Release|Any CPU
		{4F7D64EA-27A0-4BAA-915B-44CB64E6E107}.Debug|Any CPU.ActiveCfg = Debug|Any CPU
		{4F7D64EA-27A0-4BAA-915B-44CB64E6E107}.Debug|Any CPU.Build.0 = Debug|Any CPU
		{4F7D64EA-27A0-4BAA-915B-44CB64E6E107}.Release|Any CPU.ActiveCfg = Release|Any CPU
		{4F7D64EA-27A0-4BAA-915B-44CB64E6E107}.Release|Any CPU.Build.0 = Release|Any CPU
		{1E85F836-D0FE-4499-8A72-ED7B06BA927F}.Debug|Any CPU.ActiveCfg = Debug|Any CPU
		{1E85F836-D0FE-4499-8A72-ED7B06BA927F}.Debug|Any CPU.Build.0 = Debug|Any CPU
		{1E85F836-D0FE-4499-8A72-ED7B06BA927F}.Release|Any CPU.ActiveCfg = Release|Any CPU
		{1E85F836-D0FE-4499-8A72-ED7B06BA927F}.Release|Any CPU.Build.0 = Release|Any CPU
	EndGlobalSection
	GlobalSection(SolutionProperties) = preSolution
		HideSolutionNode = FALSE
	EndGlobalSection
	GlobalSection(ExtensibilityGlobals) = postSolution
		SolutionGuid = {EB8A7371-E710-40B7-8AAA-CA5430D7D837}
	EndGlobalSection
EndGlobal
